
Microsoft Visual Studio Solution File, Format Version 12.00
# Visual Studio Version 17
VisualStudioVersion = 17.5.002.0
MinimumVisualStudioVersion = 10.0.40219.1
Project("{9A19103F-16F7-4668-BE54-9A1E7A4F7556}") = "Ex02", "Ex02.csproj", "{03873445-0269-4AC0-A644-6FD67B35B955}"
EndProject
Global
	GlobalSection(SolutionConfigurationPlatforms) = preSolution
		Debug|Any CPU = Debug|Any CPU
		Release|Any CPU = Release|Any CPU
	EndGlobalSection
	GlobalSection(ProjectConfigurationPlatforms) = postSolution
		{03873445-0269-4AC0-A644-6FD67B35B955}.Debug|Any CPU.ActiveCfg = Debug|Any CPU
		{03873445-0269-4AC0-A644-6FD67B35B955}.Debug|Any CPU.Build.0 = Debug|Any CPU
		{03873445-0269-4AC0-A644-6FD67B35B955}.Release|Any CPU.ActiveCfg = Release|Any CPU
		{03873445-0269-4AC0-A644-6FD67B35B955}.Release|Any CPU.Build.0 = Release|Any CPU
	EndGlobalSection
	GlobalSection(SolutionProperties) = preSolution
		HideSolutionNode = FALSE
	EndGlobalSection
	GlobalSection(ExtensibilityGlobals) = postSolution
		SolutionGuid = {179B4BD1-5F0C-4ED3-AE55-1D02EA9803AC}
	EndGlobalSection
EndGlobal
