
Microsoft Visual Studio Solution File, Format Version 12.00
# Visual Studio Version 17
VisualStudioVersion = 17.5.002.0
MinimumVisualStudioVersion = 10.0.40219.1
Project("{9A19103F-16F7-4668-BE54-9A1E7A4F7556}") = "ex2.1", "ex2.1.csproj", "{419A3ACD-D08A-468D-9A38-3052F515243F}"
EndProject
Global
	GlobalSection(SolutionConfigurationPlatforms) = preSolution
		Debug|Any CPU = Debug|Any CPU
		Release|Any CPU = Release|Any CPU
	EndGlobalSection
	GlobalSection(ProjectConfigurationPlatforms) = postSolution
		{419A3ACD-D08A-468D-9A38-3052F515243F}.Debug|Any CPU.ActiveCfg = Debug|Any CPU
		{419A3ACD-D08A-468D-9A38-3052F515243F}.Debug|Any CPU.Build.0 = Debug|Any CPU
		{419A3ACD-D08A-468D-9A38-3052F515243F}.Release|Any CPU.ActiveCfg = Release|Any CPU
		{419A3ACD-D08A-468D-9A38-3052F515243F}.Release|Any CPU.Build.0 = Release|Any CPU
	EndGlobalSection
	GlobalSection(SolutionProperties) = preSolution
		HideSolutionNode = FALSE
	EndGlobalSection
	GlobalSection(ExtensibilityGlobals) = postSolution
		SolutionGuid = {299FB273-6140-4A68-94F6-FC9C2149328D}
	EndGlobalSection
EndGlobal
