
Microsoft Visual Studio Solution File, Format Version 12.00
# Visual Studio Version 17
VisualStudioVersion = 17.5.002.0
MinimumVisualStudioVersion = 10.0.40219.1
Project("{9A19103F-16F7-4668-BE54-9A1E7A4F7556}") = "ex1.2", "ex1.2.csproj", "{8258C75A-5142-4EE2-B9D5-3855B7FE48BE}"
EndProject
Global
	GlobalSection(SolutionConfigurationPlatforms) = preSolution
		Debug|Any CPU = Debug|Any CPU
		Release|Any CPU = Release|Any CPU
	EndGlobalSection
	GlobalSection(ProjectConfigurationPlatforms) = postSolution
		{8258C75A-5142-4EE2-B9D5-3855B7FE48BE}.Debug|Any CPU.ActiveCfg = Debug|Any CPU
		{8258C75A-5142-4EE2-B9D5-3855B7FE48BE}.Debug|Any CPU.Build.0 = Debug|Any CPU
		{8258C75A-5142-4EE2-B9D5-3855B7FE48BE}.Release|Any CPU.ActiveCfg = Release|Any CPU
		{8258C75A-5142-4EE2-B9D5-3855B7FE48BE}.Release|Any CPU.Build.0 = Release|Any CPU
	EndGlobalSection
	GlobalSection(SolutionProperties) = preSolution
		HideSolutionNode = FALSE
	EndGlobalSection
	GlobalSection(ExtensibilityGlobals) = postSolution
		SolutionGuid = {255BAB38-8169-46DA-9306-26B9169078E7}
	EndGlobalSection
EndGlobal
