
Microsoft Visual Studio Solution File, Format Version 12.00
# Visual Studio Version 17
VisualStudioVersion = 17.7.34202.233
MinimumVisualStudioVersion = 10.0.40219.1
Project("{FAE04EC0-301F-11D3-BF4B-00C04F79EFBC}") = "Ex06", "Ex06.csproj", "{9CD6EB11-5D3B-4C46-8747-CF7451D5F563}"
EndProject
Global
	GlobalSection(SolutionConfigurationPlatforms) = preSolution
		Debug|Any CPU = Debug|Any CPU
		Release|Any CPU = Release|Any CPU
	EndGlobalSection
	GlobalSection(ProjectConfigurationPlatforms) = postSolution
		{9CD6EB11-5D3B-4C46-8747-CF7451D5F563}.Debug|Any CPU.ActiveCfg = Debug|Any CPU
		{9CD6EB11-5D3B-4C46-8747-CF7451D5F563}.Debug|Any CPU.Build.0 = Debug|Any CPU
		{9CD6EB11-5D3B-4C46-8747-CF7451D5F563}.Release|Any CPU.ActiveCfg = Release|Any CPU
		{9CD6EB11-5D3B-4C46-8747-CF7451D5F563}.Release|Any CPU.Build.0 = Release|Any CPU
	EndGlobalSection
	GlobalSection(SolutionProperties) = preSolution
		HideSolutionNode = FALSE
	EndGlobalSection
	GlobalSection(ExtensibilityGlobals) = postSolution
		SolutionGuid = {BA6185DD-62E7-4AC6-9CAE-7C0CF0D4F144}
	EndGlobalSection
EndGlobal
